
Microsoft Visual Studio Solution File, Format Version 12.00
# Visual Studio 15
Project("{FAE04EC0-301F-11D3-BF4B-00C04F79EFBC}") = "Assembly-CSharp", "Assembly-CSharp.csproj", "{314EC8C7-DA46-5B6C-E926-35C690BD2B64}"
EndProject
Project("{FAE04EC0-301F-11D3-BF4B-00C04F79EFBC}") = "AstarPathfindingProject", "AstarPathfindingProject.csproj", "{67466A6C-99F0-01A3-43FE-018119A2FCC2}"
EndProject
Project("{FAE04EC0-301F-11D3-BF4B-00C04F79EFBC}") = "AstarPathfindingProjectEditor", "AstarPathfindingProjectEditor.csproj", "{76C04807-DBFF-CD3A-E46E-9B6CEBB412D8}"
EndProject
Project("{FAE04EC0-301F-11D3-BF4B-00C04F79EFBC}") = "Assembly-CSharp-Editor", "Assembly-CSharp-Editor.csproj", "{81F72A33-3751-8A83-C207-6CCCB621726B}"
EndProject
Project("{FAE04EC0-301F-11D3-BF4B-00C04F79EFBC}") = "PackageToolsEditor", "PackageToolsEditor.csproj", "{19752E28-AD3F-D0D1-0C55-99ED036B3562}"
EndProject
Global
	GlobalSection(SolutionConfigurationPlatforms) = preSolution
		Debug|Any CPU = Debug|Any CPU
		Release|Any CPU = Release|Any CPU
	EndGlobalSection
	GlobalSection(ProjectConfigurationPlatforms) = postSolution
		{314EC8C7-DA46-5B6C-E926-35C690BD2B64}.Debug|Any CPU.ActiveCfg = Debug|Any CPU
		{314EC8C7-DA46-5B6C-E926-35C690BD2B64}.Debug|Any CPU.Build.0 = Debug|Any CPU
		{314EC8C7-DA46-5B6C-E926-35C690BD2B64}.Release|Any CPU.ActiveCfg = Release|Any CPU
		{314EC8C7-DA46-5B6C-E926-35C690BD2B64}.Release|Any CPU.Build.0 = Release|Any CPU
		{67466A6C-99F0-01A3-43FE-018119A2FCC2}.Debug|Any CPU.ActiveCfg = Debug|Any CPU
		{67466A6C-99F0-01A3-43FE-018119A2FCC2}.Debug|Any CPU.Build.0 = Debug|Any CPU
		{67466A6C-99F0-01A3-43FE-018119A2FCC2}.Release|Any CPU.ActiveCfg = Release|Any CPU
		{67466A6C-99F0-01A3-43FE-018119A2FCC2}.Release|Any CPU.Build.0 = Release|Any CPU
		{76C04807-DBFF-CD3A-E46E-9B6CEBB412D8}.Debug|Any CPU.ActiveCfg = Debug|Any CPU
		{76C04807-DBFF-CD3A-E46E-9B6CEBB412D8}.Debug|Any CPU.Build.0 = Debug|Any CPU
		{76C04807-DBFF-CD3A-E46E-9B6CEBB412D8}.Release|Any CPU.ActiveCfg = Release|Any CPU
		{76C04807-DBFF-CD3A-E46E-9B6CEBB412D8}.Release|Any CPU.Build.0 = Release|Any CPU
		{81F72A33-3751-8A83-C207-6CCCB621726B}.Debug|Any CPU.ActiveCfg = Debug|Any CPU
		{81F72A33-3751-8A83-C207-6CCCB621726B}.Debug|Any CPU.Build.0 = Debug|Any CPU
		{81F72A33-3751-8A83-C207-6CCCB621726B}.Release|Any CPU.ActiveCfg = Release|Any CPU
		{81F72A33-3751-8A83-C207-6CCCB621726B}.Release|Any CPU.Build.0 = Release|Any CPU
		{19752E28-AD3F-D0D1-0C55-99ED036B3562}.Debug|Any CPU.ActiveCfg = Debug|Any CPU
		{19752E28-AD3F-D0D1-0C55-99ED036B3562}.Debug|Any CPU.Build.0 = Debug|Any CPU
		{19752E28-AD3F-D0D1-0C55-99ED036B3562}.Release|Any CPU.ActiveCfg = Release|Any CPU
		{19752E28-AD3F-D0D1-0C55-99ED036B3562}.Release|Any CPU.Build.0 = Release|Any CPU
	EndGlobalSection
	GlobalSection(SolutionProperties) = preSolution
		HideSolutionNode = FALSE
	EndGlobalSection
EndGlobal
